// !$*UTF8*$!
{
	archiveVersion = 1;
	classes = {
	};
	objectVersion = 52;
	objects = {

/* Begin PBXBuildFile section */
		4054D87C2680C25A00C11DCC /* ArtKeyboardApp.swift in Sources */ = {isa = PBXBuildFile; fileRef = 4054D87B2680C25A00C11DCC /* ArtKeyboardApp.swift */; };
		4054D87E2680C25A00C11DCC /* ContentView.swift in Sources */ = {isa = PBXBuildFile; fileRef = 4054D87D2680C25A00C11DCC /* ContentView.swift */; };
		4054D8802680C25C00C11DCC /* Assets.xcassets in Resources */ = {isa = PBXBuildFile; fileRef = 4054D87F2680C25C00C11DCC /* Assets.xcassets */; };
		4054D8832680C25C00C11DCC /* Preview Assets.xcassets in Resources */ = {isa = PBXBuildFile; fileRef = 4054D8822680C25C00C11DCC /* Preview Assets.xcassets */; };
		4054D8952680C29400C11DCC /* KeyboardArt.appex in Embed App Extensions */ = {isa = PBXBuildFile; fileRef = 4054D88E2680C29400C11DCC /* KeyboardArt.appex */; settings = {ATTRIBUTES = (RemoveHeadersOnCopy, ); }; };
		4054D8A92680E09D00C11DCC /* GiphyPicker.swift in Sources */ = {isa = PBXBuildFile; fileRef = 4054D8A82680E09D00C11DCC /* GiphyPicker.swift */; };
		4054D8AC2680F1F600C11DCC /* GiphyUISDK in Frameworks */ = {isa = PBXBuildFile; productRef = 4054D8AB2680F1F600C11DCC /* GiphyUISDK */; };
		4054D8B126820CE100C11DCC /* Constants.swift in Sources */ = {isa = PBXBuildFile; fileRef = 4054D8AD26820CE100C11DCC /* Constants.swift */; };
		4054D8B226820CE100C11DCC /* Extensions.swift in Sources */ = {isa = PBXBuildFile; fileRef = 4054D8AE26820CE100C11DCC /* Extensions.swift */; };
		4054D8B326820CE100C11DCC /* Keyboard.xib in Resources */ = {isa = PBXBuildFile; fileRef = 4054D8AF26820CE100C11DCC /* Keyboard.xib */; };
		4054D8B426820CE100C11DCC /* KeyboardViewController.swift in Sources */ = {isa = PBXBuildFile; fileRef = 4054D8B026820CE100C11DCC /* KeyboardViewController.swift */; };
/* End PBXBuildFile section */

/* Begin PBXContainerItemProxy section */
		4054D8932680C29400C11DCC /* PBXContainerItemProxy */ = {
			isa = PBXContainerItemProxy;
			containerPortal = 4054D8702680C25A00C11DCC /* Project object */;
			proxyType = 1;
			remoteGlobalIDString = 4054D88D2680C29400C11DCC;
			remoteInfo = KeyboardArt;
		};
/* End PBXContainerItemProxy section */

/* Begin PBXCopyFilesBuildPhase section */
		4054D8992680C29500C11DCC /* Embed App Extensions */ = {
			isa = PBXCopyFilesBuildPhase;
			buildActionMask = 2147483647;
			dstPath = "";
			dstSubfolderSpec = 13;
			files = (
				4054D8952680C29400C11DCC /* KeyboardArt.appex in Embed App Extensions */,
			);
			name = "Embed App Extensions";
			runOnlyForDeploymentPostprocessing = 0;
		};
/* End PBXCopyFilesBuildPhase section */

/* Begin PBXFileReference section */
		4054D8782680C25A00C11DCC /* ArtKeyboard.app */ = {isa = PBXFileReference; explicitFileType = wrapper.application; includeInIndex = 0; path = ArtKeyboard.app; sourceTree = BUILT_PRODUCTS_DIR; };
		4054D87B2680C25A00C11DCC /* ArtKeyboardApp.swift */ = {isa = PBXFileReference; lastKnownFileType = sourcecode.swift; path = ArtKeyboardApp.swift; sourceTree = "<group>"; };
		4054D87D2680C25A00C11DCC /* ContentView.swift */ = {isa = PBXFileReference; lastKnownFileType = sourcecode.swift; path = ContentView.swift; sourceTree = "<group>"; };
		4054D87F2680C25C00C11DCC /* Assets.xcassets */ = {isa = PBXFileReference; lastKnownFileType = folder.assetcatalog; path = Assets.xcassets; sourceTree = "<group>"; };
		4054D8822680C25C00C11DCC /* Preview Assets.xcassets */ = {isa = PBXFileReference; lastKnownFileType = folder.assetcatalog; path = "Preview Assets.xcassets"; sourceTree = "<group>"; };
		4054D8842680C25C00C11DCC /* Info.plist */ = {isa = PBXFileReference; lastKnownFileType = text.plist.xml; path = Info.plist; sourceTree = "<group>"; };
		4054D88E2680C29400C11DCC /* KeyboardArt.appex */ = {isa = PBXFileReference; explicitFileType = "wrapper.app-extension"; includeInIndex = 0; path = KeyboardArt.appex; sourceTree = BUILT_PRODUCTS_DIR; };
		4054D8922680C29400C11DCC /* Info.plist */ = {isa = PBXFileReference; lastKnownFileType = text.plist.xml; path = Info.plist; sourceTree = "<group>"; };
		4054D8A82680E09D00C11DCC /* GiphyPicker.swift */ = {isa = PBXFileReference; lastKnownFileType = sourcecode.swift; path = GiphyPicker.swift; sourceTree = "<group>"; };
		4054D8AD26820CE100C11DCC /* Constants.swift */ = {isa = PBXFileReference; fileEncoding = 4; lastKnownFileType = sourcecode.swift; path = Constants.swift; sourceTree = "<group>"; };
		4054D8AE26820CE100C11DCC /* Extensions.swift */ = {isa = PBXFileReference; fileEncoding = 4; lastKnownFileType = sourcecode.swift; path = Extensions.swift; sourceTree = "<group>"; };
		4054D8AF26820CE100C11DCC /* Keyboard.xib */ = {isa = PBXFileReference; fileEncoding = 4; lastKnownFileType = file.xib; path = Keyboard.xib; sourceTree = "<group>"; };
		4054D8B026820CE100C11DCC /* KeyboardViewController.swift */ = {isa = PBXFileReference; fileEncoding = 4; lastKnownFileType = sourcecode.swift; path = KeyboardViewController.swift; sourceTree = "<group>"; };
/* End PBXFileReference section */

/* Begin PBXFrameworksBuildPhase section */
		4054D8752680C25A00C11DCC /* Frameworks */ = {
			isa = PBXFrameworksBuildPhase;
			buildActionMask = 2147483647;
			files = (
				4054D8AC2680F1F600C11DCC /* GiphyUISDK in Frameworks */,
			);
			runOnlyForDeploymentPostprocessing = 0;
		};
		4054D88B2680C29400C11DCC /* Frameworks */ = {
			isa = PBXFrameworksBuildPhase;
			buildActionMask = 2147483647;
			files = (
			);
			runOnlyForDeploymentPostprocessing = 0;
		};
/* End PBXFrameworksBuildPhase section */

/* Begin PBXGroup section */
		4054D86F2680C25A00C11DCC = {
			isa = PBXGroup;
			children = (
				4054D87A2680C25A00C11DCC /* ArtKeyboard */,
				4054D88F2680C29400C11DCC /* KeyboardArt */,
				4054D8792680C25A00C11DCC /* Products */,
				4054D89F2680C87C00C11DCC /* Frameworks */,
			);
			sourceTree = "<group>";
		};
		4054D8792680C25A00C11DCC /* Products */ = {
			isa = PBXGroup;
			children = (
				4054D8782680C25A00C11DCC /* ArtKeyboard.app */,
				4054D88E2680C29400C11DCC /* KeyboardArt.appex */,
			);
			name = Products;
			sourceTree = "<group>";
		};
		4054D87A2680C25A00C11DCC /* ArtKeyboard */ = {
			isa = PBXGroup;
			children = (
				4054D87B2680C25A00C11DCC /* ArtKeyboardApp.swift */,
				4054D87D2680C25A00C11DCC /* ContentView.swift */,
				4054D8A82680E09D00C11DCC /* GiphyPicker.swift */,
				4054D87F2680C25C00C11DCC /* Assets.xcassets */,
				4054D8842680C25C00C11DCC /* Info.plist */,
				4054D8812680C25C00C11DCC /* Preview Content */,
			);
			path = ArtKeyboard;
			sourceTree = "<group>";
		};
		4054D8812680C25C00C11DCC /* Preview Content */ = {
			isa = PBXGroup;
			children = (
				4054D8822680C25C00C11DCC /* Preview Assets.xcassets */,
			);
			path = "Preview Content";
			sourceTree = "<group>";
		};
		4054D88F2680C29400C11DCC /* KeyboardArt */ = {
			isa = PBXGroup;
			children = (
				4054D8AD26820CE100C11DCC /* Constants.swift */,
				4054D8AE26820CE100C11DCC /* Extensions.swift */,
				4054D8AF26820CE100C11DCC /* Keyboard.xib */,
				4054D8B026820CE100C11DCC /* KeyboardViewController.swift */,
				4054D8922680C29400C11DCC /* Info.plist */,
			);
			path = KeyboardArt;
			sourceTree = "<group>";
		};
		4054D89F2680C87C00C11DCC /* Frameworks */ = {
			isa = PBXGroup;
			children = (
			);
			name = Frameworks;
			sourceTree = "<group>";
		};
/* End PBXGroup section */

/* Begin PBXNativeTarget section */
		4054D8772680C25A00C11DCC /* ArtKeyboard */ = {
			isa = PBXNativeTarget;
			buildConfigurationList = 4054D8872680C25C00C11DCC /* Build configuration list for PBXNativeTarget "ArtKeyboard" */;
			buildPhases = (
				4054D8742680C25A00C11DCC /* Sources */,
				4054D8752680C25A00C11DCC /* Frameworks */,
				4054D8762680C25A00C11DCC /* Resources */,
				4054D8992680C29500C11DCC /* Embed App Extensions */,
			);
			buildRules = (
			);
			dependencies = (
				4054D8942680C29400C11DCC /* PBXTargetDependency */,
			);
			name = ArtKeyboard;
			packageProductDependencies = (
				4054D8AB2680F1F600C11DCC /* GiphyUISDK */,
			);
			productName = ArtKeyboard;
			productReference = 4054D8782680C25A00C11DCC /* ArtKeyboard.app */;
			productType = "com.apple.product-type.application";
		};
		4054D88D2680C29400C11DCC /* KeyboardArt */ = {
			isa = PBXNativeTarget;
			buildConfigurationList = 4054D8962680C29500C11DCC /* Build configuration list for PBXNativeTarget "KeyboardArt" */;
			buildPhases = (
				4054D88A2680C29400C11DCC /* Sources */,
				4054D88B2680C29400C11DCC /* Frameworks */,
				4054D88C2680C29400C11DCC /* Resources */,
			);
			buildRules = (
			);
			dependencies = (
			);
			name = KeyboardArt;
			packageProductDependencies = (
			);
			productName = KeyboardArt;
			productReference = 4054D88E2680C29400C11DCC /* KeyboardArt.appex */;
			productType = "com.apple.product-type.app-extension";
		};
/* End PBXNativeTarget section */

/* Begin PBXProject section */
		4054D8702680C25A00C11DCC /* Project object */ = {
			isa = PBXProject;
			attributes = {
				LastSwiftUpdateCheck = 1250;
				LastUpgradeCheck = 1250;
				TargetAttributes = {
					4054D8772680C25A00C11DCC = {
						CreatedOnToolsVersion = 12.5;
					};
					4054D88D2680C29400C11DCC = {
						CreatedOnToolsVersion = 12.5;
						LastSwiftMigration = 1250;
					};
				};
			};
			buildConfigurationList = 4054D8732680C25A00C11DCC /* Build configuration list for PBXProject "ArtKeyboard" */;
			compatibilityVersion = "Xcode 9.3";
			developmentRegion = en;
			hasScannedForEncodings = 0;
			knownRegions = (
				en,
				Base,
			);
			mainGroup = 4054D86F2680C25A00C11DCC;
			packageReferences = (
				4054D8AA2680F1F600C11DCC /* XCRemoteSwiftPackageReference "giphy-ios-sdk" */,
			);
			productRefGroup = 4054D8792680C25A00C11DCC /* Products */;
			projectDirPath = "";
			projectRoot = "";
			targets = (
				4054D8772680C25A00C11DCC /* ArtKeyboard */,
				4054D88D2680C29400C11DCC /* KeyboardArt */,
			);
		};
/* End PBXProject section */

/* Begin PBXResourcesBuildPhase section */
		4054D8762680C25A00C11DCC /* Resources */ = {
			isa = PBXResourcesBuildPhase;
			buildActionMask = 2147483647;
			files = (
				4054D8832680C25C00C11DCC /* Preview Assets.xcassets in Resources */,
				4054D8802680C25C00C11DCC /* Assets.xcassets in Resources */,
			);
			runOnlyForDeploymentPostprocessing = 0;
		};
		4054D88C2680C29400C11DCC /* Resources */ = {
			isa = PBXResourcesBuildPhase;
			buildActionMask = 2147483647;
			files = (
				4054D8B326820CE100C11DCC /* Keyboard.xib in Resources */,
			);
			runOnlyForDeploymentPostprocessing = 0;
		};
/* End PBXResourcesBuildPhase section */

/* Begin PBXSourcesBuildPhase section */
		4054D8742680C25A00C11DCC /* Sources */ = {
			isa = PBXSourcesBuildPhase;
			buildActionMask = 2147483647;
			files = (
				4054D8A92680E09D00C11DCC /* GiphyPicker.swift in Sources */,
				4054D87E2680C25A00C11DCC /* ContentView.swift in Sources */,
				4054D87C2680C25A00C11DCC /* ArtKeyboardApp.swift in Sources */,
			);
			runOnlyForDeploymentPostprocessing = 0;
		};
		4054D88A2680C29400C11DCC /* Sources */ = {
			isa = PBXSourcesBuildPhase;
			buildActionMask = 2147483647;
			files = (
				4054D8B126820CE100C11DCC /* Constants.swift in Sources */,
				4054D8B426820CE100C11DCC /* KeyboardViewController.swift in Sources */,
				4054D8B226820CE100C11DCC /* Extensions.swift in Sources */,
			);
			runOnlyForDeploymentPostprocessing = 0;
		};
/* End PBXSourcesBuildPhase section */

/* Begin PBXTargetDependency section */
		4054D8942680C29400C11DCC /* PBXTargetDependency */ = {
			isa = PBXTargetDependency;
			target = 4054D88D2680C29400C11DCC /* KeyboardArt */;
			targetProxy = 4054D8932680C29400C11DCC /* PBXContainerItemProxy */;
		};
/* End PBXTargetDependency section */

/* Begin XCBuildConfiguration section */
		4054D8852680C25C00C11DCC /* Debug */ = {
			isa = XCBuildConfiguration;
			buildSettings = {
				ALWAYS_SEARCH_USER_PATHS = NO;
				CLANG_ANALYZER_NONNULL = YES;
				CLANG_ANALYZER_NUMBER_OBJECT_CONVERSION = YES_AGGRESSIVE;
				CLANG_CXX_LANGUAGE_STANDARD = "gnu++14";
				CLANG_CXX_LIBRARY = "libc++";
				CLANG_ENABLE_MODULES = YES;
				CLANG_ENABLE_OBJC_ARC = YES;
				CLANG_ENABLE_OBJC_WEAK = YES;
				CLANG_WARN_BLOCK_CAPTURE_AUTORELEASING = YES;
				CLANG_WARN_BOOL_CONVERSION = YES;
				CLANG_WARN_COMMA = YES;
				CLANG_WARN_CONSTANT_CONVERSION = YES;
				CLANG_WARN_DEPRECATED_OBJC_IMPLEMENTATIONS = YES;
				CLANG_WARN_DIRECT_OBJC_ISA_USAGE = YES_ERROR;
				CLANG_WARN_DOCUMENTATION_COMMENTS = YES;
				CLANG_WARN_EMPTY_BODY = YES;
				CLANG_WARN_ENUM_CONVERSION = YES;
				CLANG_WARN_INFINITE_RECURSION = YES;
				CLANG_WARN_INT_CONVERSION = YES;
				CLANG_WARN_NON_LITERAL_NULL_CONVERSION = YES;
				CLANG_WARN_OBJC_IMPLICIT_RETAIN_SELF = YES;
				CLANG_WARN_OBJC_LITERAL_CONVERSION = YES;
				CLANG_WARN_OBJC_ROOT_CLASS = YES_ERROR;
				CLANG_WARN_QUOTED_INCLUDE_IN_FRAMEWORK_HEADER = YES;
				CLANG_WARN_RANGE_LOOP_ANALYSIS = YES;
				CLANG_WARN_STRICT_PROTOTYPES = YES;
				CLANG_WARN_SUSPICIOUS_MOVE = YES;
				CLANG_WARN_UNGUARDED_AVAILABILITY = YES_AGGRESSIVE;
				CLANG_WARN_UNREACHABLE_CODE = YES;
				CLANG_WARN__DUPLICATE_METHOD_MATCH = YES;
				COPY_PHASE_STRIP = NO;
				DEBUG_INFORMATION_FORMAT = dwarf;
				ENABLE_STRICT_OBJC_MSGSEND = YES;
				ENABLE_TESTABILITY = YES;
				GCC_C_LANGUAGE_STANDARD = gnu11;
				GCC_DYNAMIC_NO_PIC = NO;
				GCC_NO_COMMON_BLOCKS = YES;
				GCC_OPTIMIZATION_LEVEL = 0;
				GCC_PREPROCESSOR_DEFINITIONS = (
					"DEBUG=1",
					"$(inherited)",
				);
				GCC_WARN_64_TO_32_BIT_CONVERSION = YES;
				GCC_WARN_ABOUT_RETURN_TYPE = YES_ERROR;
				GCC_WARN_UNDECLARED_SELECTOR = YES;
				GCC_WARN_UNINITIALIZED_AUTOS = YES_AGGRESSIVE;
				GCC_WARN_UNUSED_FUNCTION = YES;
				GCC_WARN_UNUSED_VARIABLE = YES;
				IPHONEOS_DEPLOYMENT_TARGET = 14.5;
				MTL_ENABLE_DEBUG_INFO = INCLUDE_SOURCE;
				MTL_FAST_MATH = YES;
				ONLY_ACTIVE_ARCH = YES;
				SDKROOT = iphoneos;
				SWIFT_ACTIVE_COMPILATION_CONDITIONS = DEBUG;
				SWIFT_OPTIMIZATION_LEVEL = "-Onone";
			};
			name = Debug;
		};
		4054D8862680C25C00C11DCC /* Release */ = {
			isa = XCBuildConfiguration;
			buildSettings = {
				ALWAYS_SEARCH_USER_PATHS = NO;
				CLANG_ANALYZER_NONNULL = YES;
				CLANG_ANALYZER_NUMBER_OBJECT_CONVERSION = YES_AGGRESSIVE;
				CLANG_CXX_LANGUAGE_STANDARD = "gnu++14";
				CLANG_CXX_LIBRARY = "libc++";
				CLANG_ENABLE_MODULES = YES;
				CLANG_ENABLE_OBJC_ARC = YES;
				CLANG_ENABLE_OBJC_WEAK = YES;
				CLANG_WARN_BLOCK_CAPTURE_AUTORELEASING = YES;
				CLANG_WARN_BOOL_CONVERSION = YES;
				CLANG_WARN_COMMA = YES;
				CLANG_WARN_CONSTANT_CONVERSION = YES;
				CLANG_WARN_DEPRECATED_OBJC_IMPLEMENTATIONS = YES;
				CLANG_WARN_DIRECT_OBJC_ISA_USAGE = YES_ERROR;
				CLANG_WARN_DOCUMENTATION_COMMENTS = YES;
				CLANG_WARN_EMPTY_BODY = YES;
				CLANG_WARN_ENUM_CONVERSION = YES;
				CLANG_WARN_INFINITE_RECURSION = YES;
				CLANG_WARN_INT_CONVERSION = YES;
				CLANG_WARN_NON_LITERAL_NULL_CONVERSION = YES;
				CLANG_WARN_OBJC_IMPLICIT_RETAIN_SELF = YES;
				CLANG_WARN_OBJC_LITERAL_CONVERSION = YES;
				CLANG_WARN_OBJC_ROOT_CLASS = YES_ERROR;
				CLANG_WARN_QUOTED_INCLUDE_IN_FRAMEWORK_HEADER = YES;
				CLANG_WARN_RANGE_LOOP_ANALYSIS = YES;
				CLANG_WARN_STRICT_PROTOTYPES = YES;
				CLANG_WARN_SUSPICIOUS_MOVE = YES;
				CLANG_WARN_UNGUARDED_AVAILABILITY = YES_AGGRESSIVE;
				CLANG_WARN_UNREACHABLE_CODE = YES;
				CLANG_WARN__DUPLICATE_METHOD_MATCH = YES;
				COPY_PHASE_STRIP = NO;
				DEBUG_INFORMATION_FORMAT = "dwarf-with-dsym";
				ENABLE_NS_ASSERTIONS = NO;
				ENABLE_STRICT_OBJC_MSGSEND = YES;
				GCC_C_LANGUAGE_STANDARD = gnu11;
				GCC_NO_COMMON_BLOCKS = YES;
				GCC_WARN_64_TO_32_BIT_CONVERSION = YES;
				GCC_WARN_ABOUT_RETURN_TYPE = YES_ERROR;
				GCC_WARN_UNDECLARED_SELECTOR = YES;
				GCC_WARN_UNINITIALIZED_AUTOS = YES_AGGRESSIVE;
				GCC_WARN_UNUSED_FUNCTION = YES;
				GCC_WARN_UNUSED_VARIABLE = YES;
				IPHONEOS_DEPLOYMENT_TARGET = 14.5;
				MTL_ENABLE_DEBUG_INFO = NO;
				MTL_FAST_MATH = YES;
				SDKROOT = iphoneos;
				SWIFT_COMPILATION_MODE = wholemodule;
				SWIFT_OPTIMIZATION_LEVEL = "-O";
				VALIDATE_PRODUCT = YES;
			};
			name = Release;
		};
		4054D8882680C25C00C11DCC /* Debug */ = {
			isa = XCBuildConfiguration;
			buildSettings = {
				ALWAYS_EMBED_SWIFT_STANDARD_LIBRARIES = YES;
				ASSETCATALOG_COMPILER_APPICON_NAME = AppIcon;
				ASSETCATALOG_COMPILER_GLOBAL_ACCENT_COLOR_NAME = AccentColor;
				CODE_SIGN_STYLE = Automatic;
				DEVELOPMENT_ASSET_PATHS = "\"ArtKeyboard/Preview Content\"";
				DEVELOPMENT_TEAM = Y5FPJ5BKV4;
				ENABLE_PREVIEWS = YES;
				INFOPLIST_FILE = ArtKeyboard/Info.plist;
				IPHONEOS_DEPLOYMENT_TARGET = 14.0;
				LD_RUNPATH_SEARCH_PATHS = (
					"$(inherited)",
					"@executable_path/Frameworks",
				);
				PRODUCT_BUNDLE_IDENTIFIER = dev.gunter.ArtKeyboard;
				PRODUCT_NAME = "$(TARGET_NAME)";
				SWIFT_VERSION = 5.0;
				TARGETED_DEVICE_FAMILY = "1,2";
			};
			name = Debug;
		};
		4054D8892680C25C00C11DCC /* Release */ = {
			isa = XCBuildConfiguration;
			buildSettings = {
				ALWAYS_EMBED_SWIFT_STANDARD_LIBRARIES = YES;
				ASSETCATALOG_COMPILER_APPICON_NAME = AppIcon;
				ASSETCATALOG_COMPILER_GLOBAL_ACCENT_COLOR_NAME = AccentColor;
				CODE_SIGN_STYLE = Automatic;
				DEVELOPMENT_ASSET_PATHS = "\"ArtKeyboard/Preview Content\"";
				DEVELOPMENT_TEAM = Y5FPJ5BKV4;
				ENABLE_PREVIEWS = YES;
				INFOPLIST_FILE = ArtKeyboard/Info.plist;
				IPHONEOS_DEPLOYMENT_TARGET = 14.0;
				LD_RUNPATH_SEARCH_PATHS = (
					"$(inherited)",
					"@executable_path/Frameworks",
				);
				PRODUCT_BUNDLE_IDENTIFIER = dev.gunter.ArtKeyboard;
				PRODUCT_NAME = "$(TARGET_NAME)";
				SWIFT_VERSION = 5.0;
				TARGETED_DEVICE_FAMILY = "1,2";
			};
			name = Release;
		};
		4054D8972680C29500C11DCC /* Debug */ = {
			isa = XCBuildConfiguration;
			buildSettings = {
				CLANG_ENABLE_MODULES = YES;
				CODE_SIGN_STYLE = Automatic;
				DEVELOPMENT_TEAM = Y5FPJ5BKV4;
				INFOPLIST_FILE = KeyboardArt/Info.plist;
				LD_RUNPATH_SEARCH_PATHS = (
					"$(inherited)",
					"@executable_path/Frameworks",
					"@executable_path/../../Frameworks",
				);
				PRODUCT_BUNDLE_IDENTIFIER = dev.gunter.ArtKeyboard.KeyboardArt;
				PRODUCT_NAME = "$(TARGET_NAME)";
				SKIP_INSTALL = YES;
				SWIFT_OPTIMIZATION_LEVEL = "-Onone";
				SWIFT_VERSION = 5.0;
				TARGETED_DEVICE_FAMILY = "1,2";
			};
			name = Debug;
		};
		4054D8982680C29500C11DCC /* Release */ = {
			isa = XCBuildConfiguration;
			buildSettings = {
				CLANG_ENABLE_MODULES = YES;
				CODE_SIGN_STYLE = Automatic;
				DEVELOPMENT_TEAM = Y5FPJ5BKV4;
				INFOPLIST_FILE = KeyboardArt/Info.plist;
				LD_RUNPATH_SEARCH_PATHS = (
					"$(inherited)",
					"@executable_path/Frameworks",
					"@executable_path/../../Frameworks",
				);
				PRODUCT_BUNDLE_IDENTIFIER = dev.gunter.ArtKeyboard.KeyboardArt;
				PRODUCT_NAME = "$(TARGET_NAME)";
				SKIP_INSTALL = YES;
				SWIFT_VERSION = 5.0;
				TARGETED_DEVICE_FAMILY = "1,2";
			};
			name = Release;
		};
/* End XCBuildConfiguration section */

/* Begin XCConfigurationList section */
		4054D8732680C25A00C11DCC /* Build configuration list for PBXProject "ArtKeyboard" */ = {
			isa = XCConfigurationList;
			buildConfigurations = (
				4054D8852680C25C00C11DCC /* Debug */,
				4054D8862680C25C00C11DCC /* Release */,
			);
			defaultConfigurationIsVisible = 0;
			defaultConfigurationName = Release;
		};
		4054D8872680C25C00C11DCC /* Build configuration list for PBXNativeTarget "ArtKeyboard" */ = {
			isa = XCConfigurationList;
			buildConfigurations = (
				4054D8882680C25C00C11DCC /* Debug */,
				4054D8892680C25C00C11DCC /* Release */,
			);
			defaultConfigurationIsVisible = 0;
			defaultConfigurationName = Release;
		};
		4054D8962680C29500C11DCC /* Build configuration list for PBXNativeTarget "KeyboardArt" */ = {
			isa = XCConfigurationList;
			buildConfigurations = (
				4054D8972680C29500C11DCC /* Debug */,
				4054D8982680C29500C11DCC /* Release */,
			);
			defaultConfigurationIsVisible = 0;
			defaultConfigurationName = Release;
		};
/* End XCConfigurationList section */

/* Begin XCRemoteSwiftPackageReference section */
		4054D8AA2680F1F600C11DCC /* XCRemoteSwiftPackageReference "giphy-ios-sdk" */ = {
			isa = XCRemoteSwiftPackageReference;
			repositoryURL = "https://github.com/Giphy/giphy-ios-sdk";
			requirement = {
				kind = upToNextMajorVersion;
				minimumVersion = 2.1.9;
			};
		};
/* End XCRemoteSwiftPackageReference section */

/* Begin XCSwiftPackageProductDependency section */
		4054D8AB2680F1F600C11DCC /* GiphyUISDK */ = {
			isa = XCSwiftPackageProductDependency;
			package = 4054D8AA2680F1F600C11DCC /* XCRemoteSwiftPackageReference "giphy-ios-sdk" */;
			productName = GiphyUISDK;
		};
/* End XCSwiftPackageProductDependency section */
	};
	rootObject = 4054D8702680C25A00C11DCC /* Project object */;
}
